
Microsoft Visual Studio Solution File, Format Version 12.00
# Visual Studio 15
VisualStudioVersion = 15.0.27130.2026
MinimumVisualStudioVersion = 10.0.40219.1
Project("{FAE04EC0-301F-11D3-BF4B-00C04F79EFBC}") = "AvaloniaProofOfConcept", "AvaloniaProofOfConcept\AvaloniaProofOfConcept.csproj", "{CC251604-D591-4B95-86C2-BAA0738F3CFC}"
EndProject
Global
	GlobalSection(SolutionConfigurationPlatforms) = preSolution
		Debug|Any CPU = Debug|Any CPU
		Release|Any CPU = Release|Any CPU
	EndGlobalSection
	GlobalSection(ProjectConfigurationPlatforms) = postSolution
		{CC251604-D591-4B95-86C2-BAA0738F3CFC}.Debug|Any CPU.ActiveCfg = Debug|Any CPU
		{CC251604-D591-4B95-86C2-BAA0738F3CFC}.Debug|Any CPU.Build.0 = Debug|Any CPU
		{CC251604-D591-4B95-86C2-BAA0738F3CFC}.Release|Any CPU.ActiveCfg = Release|Any CPU
		{CC251604-D591-4B95-86C2-BAA0738F3CFC}.Release|Any CPU.Build.0 = Release|Any CPU
	EndGlobalSection
	GlobalSection(SolutionProperties) = preSolution
		HideSolutionNode = FALSE
	EndGlobalSection
	GlobalSection(ExtensibilityGlobals) = postSolution
		SolutionGuid = {459E4146-2286-48CA-AC7D-61217E2BB75A}
	EndGlobalSection
EndGlobal
